{
  "originHash" : "6305d3393fa72cfb5320c15a861d26ebf3533ad813306aaf77e6898fdf0020c3",
  "pins" : [
    {
      "identity" : "convex-swift",
      "kind" : "remoteSourceControl",
      "location" : "https://github.com/get-convex/convex-swift",
      "state" : {
        "revision" : "125b71b2f8725931a5b0e8252f0799ef2adad120",
        "version" : "0.8.1"
      }
    },
    {
      "identity" : "sentry-cocoa",
      "kind" : "remoteSourceControl",
      "location" : "https://github.com/getsentry/sentry-cocoa",
      "state" : {
        "revision" : "8689e780a295dfdc6501ac0dbb502461e16d6551",
        "version" : "9.29.2"
      }
    }
  ],
  "version" : 3
}
