{
  "originHash" : "35d05b7014f2b66f1f605ba9c3f4a9bd0430fada565382509bba1a55b6790209",
  "pins" : [
    {
      "identity" : "convex-swift",
      "kind" : "remoteSourceControl",
      "location" : "https://github.com/get-convex/convex-swift",
      "state" : {
        "revision" : "125b71b2f8725931a5b0e8252f0799ef2adad120",
        "version" : "0.8.1"
      }
    }
  ],
  "version" : 3
}
